
Microsoft Visual Studio Solution File, Format Version 12.00
# Visual Studio Version 16
VisualStudioVersion = 16.0.29326.143
MinimumVisualStudioVersion = 10.0.40219.1
Project("{FAE04EC0-301F-11D3-BF4B-00C04F79EFBC}") = "Class5Test", "Class5Test\Class5Test.csproj", "{F8B74497-8851-4B1C-9B20-AF2B4C47BBB9}"
EndProject
Project("{FAE04EC0-301F-11D3-BF4B-00C04F79EFBC}") = "ReverseNumberAndChekPrimeNumber", "ReverseNumberAndChekPrimeNumber\ReverseNumberAndChekPrimeNumber.csproj", "{C098AED6-D0A9-46A0-9717-7BE689C71CA0}"
EndProject
Project("{FAE04EC0-301F-11D3-BF4B-00C04F79EFBC}") = "SummationOfDiagonalInputInTwoDimensionArray", "SummationOfDiagonalInputInTwoDimensionArray\SummationOfDiagonalInputInTwoDimensionArray.csproj", "{05906219-90CE-480B-B5A4-81C3574B1E78}"
EndProject
Global
	GlobalSection(SolutionConfigurationPlatforms) = preSolution
		Debug|Any CPU = Debug|Any CPU
		Release|Any CPU = Release|Any CPU
	EndGlobalSection
	GlobalSection(ProjectConfigurationPlatforms) = postSolution
		{F8B74497-8851-4B1C-9B20-AF2B4C47BBB9}.Debug|Any CPU.ActiveCfg = Debug|Any CPU
		{F8B74497-8851-4B1C-9B20-AF2B4C47BBB9}.Debug|Any CPU.Build.0 = Debug|Any CPU
		{F8B74497-8851-4B1C-9B20-AF2B4C47BBB9}.Release|Any CPU.ActiveCfg = Release|Any CPU
		{F8B74497-8851-4B1C-9B20-AF2B4C47BBB9}.Release|Any CPU.Build.0 = Release|Any CPU
		{C098AED6-D0A9-46A0-9717-7BE689C71CA0}.Debug|Any CPU.ActiveCfg = Debug|Any CPU
		{C098AED6-D0A9-46A0-9717-7BE689C71CA0}.Debug|Any CPU.Build.0 = Debug|Any CPU
		{C098AED6-D0A9-46A0-9717-7BE689C71CA0}.Release|Any CPU.ActiveCfg = Release|Any CPU
		{C098AED6-D0A9-46A0-9717-7BE689C71CA0}.Release|Any CPU.Build.0 = Release|Any CPU
		{05906219-90CE-480B-B5A4-81C3574B1E78}.Debug|Any CPU.ActiveCfg = Debug|Any CPU
		{05906219-90CE-480B-B5A4-81C3574B1E78}.Debug|Any CPU.Build.0 = Debug|Any CPU
		{05906219-90CE-480B-B5A4-81C3574B1E78}.Release|Any CPU.ActiveCfg = Release|Any CPU
		{05906219-90CE-480B-B5A4-81C3574B1E78}.Release|Any CPU.Build.0 = Release|Any CPU
	EndGlobalSection
	GlobalSection(SolutionProperties) = preSolution
		HideSolutionNode = FALSE
	EndGlobalSection
	GlobalSection(ExtensibilityGlobals) = postSolution
		SolutionGuid = {981ECA0E-D0F6-4039-8562-93213CC8A976}
	EndGlobalSection
EndGlobal
